
Microsoft Visual Studio Solution File, Format Version 12.00
# Visual Studio Version 17
VisualStudioVersion = 17.10.35122.118
MinimumVisualStudioVersion = 10.0.40219.1
Project("{FAE04EC0-301F-11D3-BF4B-00C04F79EFBC}") = "ICA", "ICA\ICA.csproj", "{5C79A696-2405-4DFB-B94A-E332D61A7C2E}"
EndProject
Global
	GlobalSection(SolutionConfigurationPlatforms) = preSolution
		Debug|Any CPU = Debug|Any CPU
		Release|Any CPU = Release|Any CPU
	EndGlobalSection
	GlobalSection(ProjectConfigurationPlatforms) = postSolution
		{5C79A696-2405-4DFB-B94A-E332D61A7C2E}.Debug|Any CPU.ActiveCfg = Debug|Any CPU
		{5C79A696-2405-4DFB-B94A-E332D61A7C2E}.Debug|Any CPU.Build.0 = Debug|Any CPU
		{5C79A696-2405-4DFB-B94A-E332D61A7C2E}.Release|Any CPU.ActiveCfg = Release|Any CPU
		{5C79A696-2405-4DFB-B94A-E332D61A7C2E}.Release|Any CPU.Build.0 = Release|Any CPU
	EndGlobalSection
	GlobalSection(SolutionProperties) = preSolution
		HideSolutionNode = FALSE
	EndGlobalSection
	GlobalSection(ExtensibilityGlobals) = postSolution
		SolutionGuid = {42B0C46E-E6D1-459D-BFB6-8295A816D0CE}
	EndGlobalSection
EndGlobal
